
Microsoft Visual Studio Solution File, Format Version 12.00
# Visual Studio 15
VisualStudioVersion = 15.0.33423.255
MinimumVisualStudioVersion = 10.0.40219.1
Project("{2150E333-8FDC-42A3-9474-1A3956D46DE8}") = "3rd party", "3rd party", "{A8983DB9-DCEE-4AA9-9081-F91519A27E94}"
EndProject
Project("{8BC9CEB8-8B4A-11D0-8D11-00A0C91BC942}") = "SDL2", "..\thirdparty\SDL2-2.26.5\VisualC\SDL\SDL.vcxproj", "{81CE8DAF-EBB2-4761-8E45-B71ABCCA8C68}"
EndProject
Project("{8BC9CEB8-8B4A-11D0-8D11-00A0C91BC942}") = "sound", "sound\sound.vcxproj", "{66411AF9-5653-42FA-BF4A-7A47A19F5599}"
	ProjectSection(ProjectDependencies) = postProject
		{362D410A-3DCF-4B46-9EDE-DE8FDE9A4FC5} = {362D410A-3DCF-4B46-9EDE-DE8FDE9A4FC5}
		{4CB01123-5393-4D80-B518-2D37AF8C5402} = {4CB01123-5393-4D80-B518-2D37AF8C5402}
		{F7CFC49D-543F-491D-B3D8-F9B9F688D574} = {F7CFC49D-543F-491D-B3D8-F9B9F688D574}
		{986E73BD-6030-42C6-884F-B246E9045B8D} = {986E73BD-6030-42C6-884F-B246E9045B8D}
	EndProjectSection
EndProject
Project("{8BC9CEB8-8B4A-11D0-8D11-00A0C91BC942}") = "ogg", "..\thirdparty\ogg\ogg.vcxproj", "{362D410A-3DCF-4B46-9EDE-DE8FDE9A4FC5}"
EndProject
Project("{8BC9CEB8-8B4A-11D0-8D11-00A0C91BC942}") = "vorbis", "..\thirdparty\vorbis\vorbis.vcxproj", "{4CB01123-5393-4D80-B518-2D37AF8C5402}"
EndProject
Project("{8BC9CEB8-8B4A-11D0-8D11-00A0C91BC942}") = "vorbisfile", "..\thirdparty\vorbisfile\vorbisfile.vcxproj", "{986E73BD-6030-42C6-884F-B246E9045B8D}"
EndProject
Project("{8BC9CEB8-8B4A-11D0-8D11-00A0C91BC942}") = "engine", "engine\engine.vcxproj", "{F7CFC49D-543F-491D-B3D8-F9B9F688D574}"
	ProjectSection(ProjectDependencies) = postProject
		{81CE8DAF-EBB2-4761-8E45-B71ABCCA8C68} = {81CE8DAF-EBB2-4761-8E45-B71ABCCA8C68}
	EndProjectSection
EndProject
Project("{8BC9CEB8-8B4A-11D0-8D11-00A0C91BC942}") = "sokol_rdev", "sokol_rdev\sokol_rdev.vcxproj", "{4ECD756E-E657-472D-BE59-24B7541915AF}"
	ProjectSection(ProjectDependencies) = postProject
		{F7CFC49D-543F-491D-B3D8-F9B9F688D574} = {F7CFC49D-543F-491D-B3D8-F9B9F688D574}
	EndProjectSection
EndProject
Project("{8BC9CEB8-8B4A-11D0-8D11-00A0C91BC942}") = "game", "game\game.vcxproj", "{27172A4D-B0B2-4818-820F-4423F9556FD8}"
	ProjectSection(ProjectDependencies) = postProject
		{F7CFC49D-543F-491D-B3D8-F9B9F688D574} = {F7CFC49D-543F-491D-B3D8-F9B9F688D574}
		{66411AF9-5653-42FA-BF4A-7A47A19F5599} = {66411AF9-5653-42FA-BF4A-7A47A19F5599}
	EndProjectSection
EndProject
Project("{8BC9CEB8-8B4A-11D0-8D11-00A0C91BC942}") = "main", "main\main.vcxproj", "{89875867-1CB6-484F-900C-6B2DC6D36031}"
	ProjectSection(ProjectDependencies) = postProject
		{27172A4D-B0B2-4818-820F-4423F9556FD8} = {27172A4D-B0B2-4818-820F-4423F9556FD8}
		{65AA9B5A-CF25-4CF9-9C38-0DF02A44E841} = {65AA9B5A-CF25-4CF9-9C38-0DF02A44E841}
		{4ECD756E-E657-472D-BE59-24B7541915AF} = {4ECD756E-E657-472D-BE59-24B7541915AF}
		{F7CFC49D-543F-491D-B3D8-F9B9F688D574} = {F7CFC49D-543F-491D-B3D8-F9B9F688D574}
		{81CE8DAF-EBB2-4761-8E45-B71ABCCA8C68} = {81CE8DAF-EBB2-4761-8E45-B71ABCCA8C68}
		{66411AF9-5653-42FA-BF4A-7A47A19F5599} = {66411AF9-5653-42FA-BF4A-7A47A19F5599}
	EndProjectSection
EndProject
Project("{2150E333-8FDC-42A3-9474-1A3956D46DE8}") = "utils", "utils", "{DC841BF8-5353-4731-9BFF-FAC850544E84}"
EndProject
Project("{8BC9CEB8-8B4A-11D0-8D11-00A0C91BC942}") = "lmfconv", "utils\lmfconv\lmfconv.vcxproj", "{7E180A66-2AA9-457F-8BA1-EDFF61548FA3}"
EndProject
Project("{8BC9CEB8-8B4A-11D0-8D11-00A0C91BC942}") = "tinyxml2", "..\thirdparty\tinyxml2\tinyxml2.vcxproj", "{9E476E51-50F3-4666-B58A-4A73FE552D8F}"
EndProject
Project("{8BC9CEB8-8B4A-11D0-8D11-00A0C91BC942}") = "OpenFBX", "..\thirdparty\OpenFBX\OpenFBX.vcxproj", "{927E18E2-A169-49FF-87B1-7661B7A86F25}"
EndProject
Project("{8BC9CEB8-8B4A-11D0-8D11-00A0C91BC942}") = "editor", "editor\editor.vcxproj", "{65AA9B5A-CF25-4CF9-9C38-0DF02A44E841}"
	ProjectSection(ProjectDependencies) = postProject
		{F7CFC49D-543F-491D-B3D8-F9B9F688D574} = {F7CFC49D-543F-491D-B3D8-F9B9F688D574}
	EndProjectSection
EndProject
Global
	GlobalSection(SolutionConfigurationPlatforms) = preSolution
		Debug|x64 = Debug|x64
		Debug|x86 = Debug|x86
		Release|x64 = Release|x64
		Release|x86 = Release|x86
	EndGlobalSection
	GlobalSection(ProjectConfigurationPlatforms) = postSolution
		{81CE8DAF-EBB2-4761-8E45-B71ABCCA8C68}.Debug|x64.ActiveCfg = Debug|x64
		{81CE8DAF-EBB2-4761-8E45-B71ABCCA8C68}.Debug|x64.Build.0 = Debug|x64
		{81CE8DAF-EBB2-4761-8E45-B71ABCCA8C68}.Debug|x86.ActiveCfg = Debug|Win32
		{81CE8DAF-EBB2-4761-8E45-B71ABCCA8C68}.Debug|x86.Build.0 = Debug|Win32
		{81CE8DAF-EBB2-4761-8E45-B71ABCCA8C68}.Release|x64.ActiveCfg = Release|x64
		{81CE8DAF-EBB2-4761-8E45-B71ABCCA8C68}.Release|x64.Build.0 = Release|x64
		{81CE8DAF-EBB2-4761-8E45-B71ABCCA8C68}.Release|x86.ActiveCfg = Release|Win32
		{81CE8DAF-EBB2-4761-8E45-B71ABCCA8C68}.Release|x86.Build.0 = Release|Win32
		{66411AF9-5653-42FA-BF4A-7A47A19F5599}.Debug|x64.ActiveCfg = Debug|x64
		{66411AF9-5653-42FA-BF4A-7A47A19F5599}.Debug|x64.Build.0 = Debug|x64
		{66411AF9-5653-42FA-BF4A-7A47A19F5599}.Debug|x86.ActiveCfg = Debug|Win32
		{66411AF9-5653-42FA-BF4A-7A47A19F5599}.Debug|x86.Build.0 = Debug|Win32
		{66411AF9-5653-42FA-BF4A-7A47A19F5599}.Release|x64.ActiveCfg = Release|x64
		{66411AF9-5653-42FA-BF4A-7A47A19F5599}.Release|x64.Build.0 = Release|x64
		{66411AF9-5653-42FA-BF4A-7A47A19F5599}.Release|x86.ActiveCfg = Release|Win32
		{66411AF9-5653-42FA-BF4A-7A47A19F5599}.Release|x86.Build.0 = Release|Win32
		{362D410A-3DCF-4B46-9EDE-DE8FDE9A4FC5}.Debug|x64.ActiveCfg = Debug|x64
		{362D410A-3DCF-4B46-9EDE-DE8FDE9A4FC5}.Debug|x64.Build.0 = Debug|x64
		{362D410A-3DCF-4B46-9EDE-DE8FDE9A4FC5}.Debug|x86.ActiveCfg = Debug|Win32
		{362D410A-3DCF-4B46-9EDE-DE8FDE9A4FC5}.Debug|x86.Build.0 = Debug|Win32
		{362D410A-3DCF-4B46-9EDE-DE8FDE9A4FC5}.Release|x64.ActiveCfg = Release|x64
		{362D410A-3DCF-4B46-9EDE-DE8FDE9A4FC5}.Release|x64.Build.0 = Release|x64
		{362D410A-3DCF-4B46-9EDE-DE8FDE9A4FC5}.Release|x86.ActiveCfg = Release|Win32
		{362D410A-3DCF-4B46-9EDE-DE8FDE9A4FC5}.Release|x86.Build.0 = Release|Win32
		{4CB01123-5393-4D80-B518-2D37AF8C5402}.Debug|x64.ActiveCfg = Debug|x64
		{4CB01123-5393-4D80-B518-2D37AF8C5402}.Debug|x64.Build.0 = Debug|x64
		{4CB01123-5393-4D80-B518-2D37AF8C5402}.Debug|x86.ActiveCfg = Debug|Win32
		{4CB01123-5393-4D80-B518-2D37AF8C5402}.Debug|x86.Build.0 = Debug|Win32
		{4CB01123-5393-4D80-B518-2D37AF8C5402}.Release|x64.ActiveCfg = Release|x64
		{4CB01123-5393-4D80-B518-2D37AF8C5402}.Release|x64.Build.0 = Release|x64
		{4CB01123-5393-4D80-B518-2D37AF8C5402}.Release|x86.ActiveCfg = Release|Win32
		{4CB01123-5393-4D80-B518-2D37AF8C5402}.Release|x86.Build.0 = Release|Win32
		{986E73BD-6030-42C6-884F-B246E9045B8D}.Debug|x64.ActiveCfg = Debug|x64
		{986E73BD-6030-42C6-884F-B246E9045B8D}.Debug|x64.Build.0 = Debug|x64
		{986E73BD-6030-42C6-884F-B246E9045B8D}.Debug|x86.ActiveCfg = Debug|Win32
		{986E73BD-6030-42C6-884F-B246E9045B8D}.Debug|x86.Build.0 = Debug|Win32
		{986E73BD-6030-42C6-884F-B246E9045B8D}.Release|x64.ActiveCfg = Release|x64
		{986E73BD-6030-42C6-884F-B246E9045B8D}.Release|x64.Build.0 = Release|x64
		{986E73BD-6030-42C6-884F-B246E9045B8D}.Release|x86.ActiveCfg = Release|Win32
		{986E73BD-6030-42C6-884F-B246E9045B8D}.Release|x86.Build.0 = Release|Win32
		{F7CFC49D-543F-491D-B3D8-F9B9F688D574}.Debug|x64.ActiveCfg = Debug|x64
		{F7CFC49D-543F-491D-B3D8-F9B9F688D574}.Debug|x64.Build.0 = Debug|x64
		{F7CFC49D-543F-491D-B3D8-F9B9F688D574}.Debug|x86.ActiveCfg = Debug|Win32
		{F7CFC49D-543F-491D-B3D8-F9B9F688D574}.Debug|x86.Build.0 = Debug|Win32
		{F7CFC49D-543F-491D-B3D8-F9B9F688D574}.Release|x64.ActiveCfg = Release|x64
		{F7CFC49D-543F-491D-B3D8-F9B9F688D574}.Release|x64.Build.0 = Release|x64
		{F7CFC49D-543F-491D-B3D8-F9B9F688D574}.Release|x86.ActiveCfg = Release|Win32
		{F7CFC49D-543F-491D-B3D8-F9B9F688D574}.Release|x86.Build.0 = Release|Win32
		{4ECD756E-E657-472D-BE59-24B7541915AF}.Debug|x64.ActiveCfg = Debug|x64
		{4ECD756E-E657-472D-BE59-24B7541915AF}.Debug|x64.Build.0 = Debug|x64
		{4ECD756E-E657-472D-BE59-24B7541915AF}.Debug|x86.ActiveCfg = Debug|Win32
		{4ECD756E-E657-472D-BE59-24B7541915AF}.Debug|x86.Build.0 = Debug|Win32
		{4ECD756E-E657-472D-BE59-24B7541915AF}.Release|x64.ActiveCfg = Release|x64
		{4ECD756E-E657-472D-BE59-24B7541915AF}.Release|x64.Build.0 = Release|x64
		{4ECD756E-E657-472D-BE59-24B7541915AF}.Release|x86.ActiveCfg = Release|Win32
		{4ECD756E-E657-472D-BE59-24B7541915AF}.Release|x86.Build.0 = Release|Win32
		{27172A4D-B0B2-4818-820F-4423F9556FD8}.Debug|x64.ActiveCfg = Debug|x64
		{27172A4D-B0B2-4818-820F-4423F9556FD8}.Debug|x64.Build.0 = Debug|x64
		{27172A4D-B0B2-4818-820F-4423F9556FD8}.Debug|x86.ActiveCfg = Debug|Win32
		{27172A4D-B0B2-4818-820F-4423F9556FD8}.Debug|x86.Build.0 = Debug|Win32
		{27172A4D-B0B2-4818-820F-4423F9556FD8}.Release|x64.ActiveCfg = Release|x64
		{27172A4D-B0B2-4818-820F-4423F9556FD8}.Release|x64.Build.0 = Release|x64
		{27172A4D-B0B2-4818-820F-4423F9556FD8}.Release|x86.ActiveCfg = Release|Win32
		{27172A4D-B0B2-4818-820F-4423F9556FD8}.Release|x86.Build.0 = Release|Win32
		{89875867-1CB6-484F-900C-6B2DC6D36031}.Debug|x64.ActiveCfg = Debug|x64
		{89875867-1CB6-484F-900C-6B2DC6D36031}.Debug|x64.Build.0 = Debug|x64
		{89875867-1CB6-484F-900C-6B2DC6D36031}.Debug|x86.ActiveCfg = Debug|Win32
		{89875867-1CB6-484F-900C-6B2DC6D36031}.Debug|x86.Build.0 = Debug|Win32
		{89875867-1CB6-484F-900C-6B2DC6D36031}.Release|x64.ActiveCfg = Release|x64
		{89875867-1CB6-484F-900C-6B2DC6D36031}.Release|x64.Build.0 = Release|x64
		{89875867-1CB6-484F-900C-6B2DC6D36031}.Release|x86.ActiveCfg = Release|Win32
		{89875867-1CB6-484F-900C-6B2DC6D36031}.Release|x86.Build.0 = Release|Win32
		{7E180A66-2AA9-457F-8BA1-EDFF61548FA3}.Debug|x64.ActiveCfg = Debug|x64
		{7E180A66-2AA9-457F-8BA1-EDFF61548FA3}.Debug|x64.Build.0 = Debug|x64
		{7E180A66-2AA9-457F-8BA1-EDFF61548FA3}.Debug|x86.ActiveCfg = Debug|Win32
		{7E180A66-2AA9-457F-8BA1-EDFF61548FA3}.Debug|x86.Build.0 = Debug|Win32
		{7E180A66-2AA9-457F-8BA1-EDFF61548FA3}.Release|x64.ActiveCfg = Release|x64
		{7E180A66-2AA9-457F-8BA1-EDFF61548FA3}.Release|x64.Build.0 = Release|x64
		{7E180A66-2AA9-457F-8BA1-EDFF61548FA3}.Release|x86.ActiveCfg = Release|Win32
		{7E180A66-2AA9-457F-8BA1-EDFF61548FA3}.Release|x86.Build.0 = Release|Win32
		{9E476E51-50F3-4666-B58A-4A73FE552D8F}.Debug|x64.ActiveCfg = Debug|x64
		{9E476E51-50F3-4666-B58A-4A73FE552D8F}.Debug|x64.Build.0 = Debug|x64
		{9E476E51-50F3-4666-B58A-4A73FE552D8F}.Debug|x86.ActiveCfg = Debug|Win32
		{9E476E51-50F3-4666-B58A-4A73FE552D8F}.Debug|x86.Build.0 = Debug|Win32
		{9E476E51-50F3-4666-B58A-4A73FE552D8F}.Release|x64.ActiveCfg = Release|x64
		{9E476E51-50F3-4666-B58A-4A73FE552D8F}.Release|x64.Build.0 = Release|x64
		{9E476E51-50F3-4666-B58A-4A73FE552D8F}.Release|x86.ActiveCfg = Release|Win32
		{9E476E51-50F3-4666-B58A-4A73FE552D8F}.Release|x86.Build.0 = Release|Win32
		{927E18E2-A169-49FF-87B1-7661B7A86F25}.Debug|x64.ActiveCfg = Debug|x64
		{927E18E2-A169-49FF-87B1-7661B7A86F25}.Debug|x64.Build.0 = Debug|x64
		{927E18E2-A169-49FF-87B1-7661B7A86F25}.Debug|x86.ActiveCfg = Debug|Win32
		{927E18E2-A169-49FF-87B1-7661B7A86F25}.Debug|x86.Build.0 = Debug|Win32
		{927E18E2-A169-49FF-87B1-7661B7A86F25}.Release|x64.ActiveCfg = Release|x64
		{927E18E2-A169-49FF-87B1-7661B7A86F25}.Release|x64.Build.0 = Release|x64
		{927E18E2-A169-49FF-87B1-7661B7A86F25}.Release|x86.ActiveCfg = Release|Win32
		{927E18E2-A169-49FF-87B1-7661B7A86F25}.Release|x86.Build.0 = Release|Win32
		{65AA9B5A-CF25-4CF9-9C38-0DF02A44E841}.Debug|x64.ActiveCfg = Debug|x64
		{65AA9B5A-CF25-4CF9-9C38-0DF02A44E841}.Debug|x64.Build.0 = Debug|x64
		{65AA9B5A-CF25-4CF9-9C38-0DF02A44E841}.Debug|x86.ActiveCfg = Debug|Win32
		{65AA9B5A-CF25-4CF9-9C38-0DF02A44E841}.Debug|x86.Build.0 = Debug|Win32
		{65AA9B5A-CF25-4CF9-9C38-0DF02A44E841}.Release|x64.ActiveCfg = Release|x64
		{65AA9B5A-CF25-4CF9-9C38-0DF02A44E841}.Release|x64.Build.0 = Release|x64
		{65AA9B5A-CF25-4CF9-9C38-0DF02A44E841}.Release|x86.ActiveCfg = Release|Win32
		{65AA9B5A-CF25-4CF9-9C38-0DF02A44E841}.Release|x86.Build.0 = Release|Win32
	EndGlobalSection
	GlobalSection(SolutionProperties) = preSolution
		HideSolutionNode = FALSE
	EndGlobalSection
	GlobalSection(NestedProjects) = preSolution
		{81CE8DAF-EBB2-4761-8E45-B71ABCCA8C68} = {A8983DB9-DCEE-4AA9-9081-F91519A27E94}
		{362D410A-3DCF-4B46-9EDE-DE8FDE9A4FC5} = {A8983DB9-DCEE-4AA9-9081-F91519A27E94}
		{4CB01123-5393-4D80-B518-2D37AF8C5402} = {A8983DB9-DCEE-4AA9-9081-F91519A27E94}
		{986E73BD-6030-42C6-884F-B246E9045B8D} = {A8983DB9-DCEE-4AA9-9081-F91519A27E94}
		{7E180A66-2AA9-457F-8BA1-EDFF61548FA3} = {DC841BF8-5353-4731-9BFF-FAC850544E84}
		{9E476E51-50F3-4666-B58A-4A73FE552D8F} = {A8983DB9-DCEE-4AA9-9081-F91519A27E94}
		{927E18E2-A169-49FF-87B1-7661B7A86F25} = {A8983DB9-DCEE-4AA9-9081-F91519A27E94}
	EndGlobalSection
	GlobalSection(ExtensibilityGlobals) = postSolution
		SolutionGuid = {53D35084-6323-4E2A-A2DB-FB8204ED0F19}
	EndGlobalSection
EndGlobal
